
Microsoft Visual Studio Solution File, Format Version 12.00
# Visual Studio Version 17
VisualStudioVersion = 17.2.32602.215
MinimumVisualStudioVersion = 10.0.40219.1
Project("{FAE04EC0-301F-11D3-BF4B-00C04F79EFBC}") = "BasicFixes", "BasicFixes\BasicFixes.csproj", "{EEB73D70-C093-41D7-816C-50EE4AF9641F}"
EndProject
Global
	GlobalSection(SolutionConfigurationPlatforms) = preSolution
		Debug|Any CPU = Debug|Any CPU
		Release|Any CPU = Release|Any CPU
	EndGlobalSection
	GlobalSection(ProjectConfigurationPlatforms) = postSolution
		{EEB73D70-C093-41D7-816C-50EE4AF9641F}.Debug|Any CPU.ActiveCfg = Debug|Any CPU
		{EEB73D70-C093-41D7-816C-50EE4AF9641F}.Debug|Any CPU.Build.0 = Debug|Any CPU
		{EEB73D70-C093-41D7-816C-50EE4AF9641F}.Release|Any CPU.ActiveCfg = Release|Any CPU
		{EEB73D70-C093-41D7-816C-50EE4AF9641F}.Release|Any CPU.Build.0 = Release|Any CPU
	EndGlobalSection
	GlobalSection(SolutionProperties) = preSolution
		HideSolutionNode = FALSE
	EndGlobalSection
	GlobalSection(ExtensibilityGlobals) = postSolution
		SolutionGuid = {70523AED-3DCF-4742-ACA5-D1F750C8A3B1}
	EndGlobalSection
EndGlobal
